
Microsoft Visual Studio Solution File, Format Version 12.00
# Visual Studio 15
VisualStudioVersion = 15.0.28307.136
MinimumVisualStudioVersion = 10.0.40219.1
Project("{FAE04EC0-301F-11D3-BF4B-00C04F79EFBC}") = "WebApplication1", "WebApplication1\WebApplication1.csproj", "{C6A01AB0-BC1F-4572-AF8E-FE4CEAD1398A}"
EndProject
Project("{FAE04EC0-301F-11D3-BF4B-00C04F79EFBC}") = "Entity", "Entity\Entity.csproj", "{33119289-69A3-438A-9968-388252F7211B}"
EndProject
Global
	GlobalSection(SolutionConfigurationPlatforms) = preSolution
		Debug|Any CPU = Debug|Any CPU
		Release|Any CPU = Release|Any CPU
	EndGlobalSection
	GlobalSection(ProjectConfigurationPlatforms) = postSolution
		{C6A01AB0-BC1F-4572-AF8E-FE4CEAD1398A}.Debug|Any CPU.ActiveCfg = Debug|Any CPU
		{C6A01AB0-BC1F-4572-AF8E-FE4CEAD1398A}.Debug|Any CPU.Build.0 = Debug|Any CPU
		{C6A01AB0-BC1F-4572-AF8E-FE4CEAD1398A}.Release|Any CPU.ActiveCfg = Release|Any CPU
		{C6A01AB0-BC1F-4572-AF8E-FE4CEAD1398A}.Release|Any CPU.Build.0 = Release|Any CPU
		{33119289-69A3-438A-9968-388252F7211B}.Debug|Any CPU.ActiveCfg = Debug|Any CPU
		{33119289-69A3-438A-9968-388252F7211B}.Debug|Any CPU.Build.0 = Debug|Any CPU
		{33119289-69A3-438A-9968-388252F7211B}.Release|Any CPU.ActiveCfg = Release|Any CPU
		{33119289-69A3-438A-9968-388252F7211B}.Release|Any CPU.Build.0 = Release|Any CPU
	EndGlobalSection
	GlobalSection(SolutionProperties) = preSolution
		HideSolutionNode = FALSE
	EndGlobalSection
	GlobalSection(ExtensibilityGlobals) = postSolution
		SolutionGuid = {1EAFEE2B-CAFE-49D6-B6BB-189127C97AE9}
	EndGlobalSection
EndGlobal
